// !$*UTF8*$!
{
	archiveVersion = 1;
	classes = {
	};
	objectVersion = 46;
	objects = {

/* Begin PBXBuildFile section */
		DA668A261E5A9C45007DCB0F /* linked_list.swift in Sources */ = {isa = PBXBuildFile; fileRef = DA668A251E5A9C45007DCB0F /* linked_list.swift */; };
		DA668A281E5A9CED007DCB0F /* linked_list_test.swift in Sources */ = {isa = PBXBuildFile; fileRef = DA668A271E5A9CED007DCB0F /* linked_list_test.swift */; };
		DA7DBBBD1D8113A1005C595A /* AppDelegate.swift in Sources */ = {isa = PBXBuildFile; fileRef = DA7DBBBC1D8113A1005C595A /* AppDelegate.swift */; };
		DA7DBBBF1D8113A1005C595A /* ViewController.swift in Sources */ = {isa = PBXBuildFile; fileRef = DA7DBBBE1D8113A1005C595A /* ViewController.swift */; };
		DA7DBBC21D8113A1005C595A /* Main.storyboard in Resources */ = {isa = PBXBuildFile; fileRef = DA7DBBC01D8113A1005C595A /* Main.storyboard */; };
		DA7DBBC41D8113A1005C595A /* Assets.xcassets in Resources */ = {isa = PBXBuildFile; fileRef = DA7DBBC31D8113A1005C595A /* Assets.xcassets */; };
		DA7DBBC71D8113A1005C595A /* LaunchScreen.storyboard in Resources */ = {isa = PBXBuildFile; fileRef = DA7DBBC51D8113A1005C595A /* LaunchScreen.storyboard */; };
		DA7DBBD21D8113A1005C595A /* node_test.swift in Sources */ = {isa = PBXBuildFile; fileRef = DA7DBBD11D8113A1005C595A /* node_test.swift */; };
		DA7DBBDD1D8117AC005C595A /* node.swift in Sources */ = {isa = PBXBuildFile; fileRef = DA7DBBDC1D8117AC005C595A /* node.swift */; };
/* End PBXBuildFile section */

/* Begin PBXContainerItemProxy section */
		DA7DBBCE1D8113A1005C595A /* PBXContainerItemProxy */ = {
			isa = PBXContainerItemProxy;
			containerPortal = DA7DBBB11D8113A1005C595A /* Project object */;
			proxyType = 1;
			remoteGlobalIDString = DA7DBBB81D8113A1005C595A;
			remoteInfo = JungleBeats;
		};
/* End PBXContainerItemProxy section */

/* Begin PBXFileReference section */
		DA668A251E5A9C45007DCB0F /* linked_list.swift */ = {isa = PBXFileReference; fileEncoding = 4; lastKnownFileType = sourcecode.swift; path = linked_list.swift; sourceTree = "<group>"; };
		DA668A271E5A9CED007DCB0F /* linked_list_test.swift */ = {isa = PBXFileReference; fileEncoding = 4; lastKnownFileType = sourcecode.swift; path = linked_list_test.swift; sourceTree = "<group>"; };
		DA7DBBB91D8113A1005C595A /* JungleBeats.app */ = {isa = PBXFileReference; explicitFileType = wrapper.application; includeInIndex = 0; path = JungleBeats.app; sourceTree = BUILT_PRODUCTS_DIR; };
		DA7DBBBC1D8113A1005C595A /* AppDelegate.swift */ = {isa = PBXFileReference; lastKnownFileType = sourcecode.swift; path = AppDelegate.swift; sourceTree = "<group>"; };
		DA7DBBBE1D8113A1005C595A /* ViewController.swift */ = {isa = PBXFileReference; lastKnownFileType = sourcecode.swift; path = ViewController.swift; sourceTree = "<group>"; };
		DA7DBBC11D8113A1005C595A /* Base */ = {isa = PBXFileReference; lastKnownFileType = file.storyboard; name = Base; path = Base.lproj/Main.storyboard; sourceTree = "<group>"; };
		DA7DBBC31D8113A1005C595A /* Assets.xcassets */ = {isa = PBXFileReference; lastKnownFileType = folder.assetcatalog; path = Assets.xcassets; sourceTree = "<group>"; };
		DA7DBBC61D8113A1005C595A /* Base */ = {isa = PBXFileReference; lastKnownFileType = file.storyboard; name = Base; path = Base.lproj/LaunchScreen.storyboard; sourceTree = "<group>"; };
		DA7DBBC81D8113A1005C595A /* Info.plist */ = {isa = PBXFileReference; lastKnownFileType = text.plist.xml; path = Info.plist; sourceTree = "<group>"; };
		DA7DBBCD1D8113A1005C595A /* JungleBeatsTests.xctest */ = {isa = PBXFileReference; explicitFileType = wrapper.cfbundle; includeInIndex = 0; path = JungleBeatsTests.xctest; sourceTree = BUILT_PRODUCTS_DIR; };
		DA7DBBD11D8113A1005C595A /* node_test.swift */ = {isa = PBXFileReference; lastKnownFileType = sourcecode.swift; path = node_test.swift; sourceTree = "<group>"; };
		DA7DBBD31D8113A1005C595A /* Info.plist */ = {isa = PBXFileReference; lastKnownFileType = text.plist.xml; path = Info.plist; sourceTree = "<group>"; };
		DA7DBBDC1D8117AC005C595A /* node.swift */ = {isa = PBXFileReference; fileEncoding = 4; lastKnownFileType = sourcecode.swift; path = node.swift; sourceTree = "<group>"; };
/* End PBXFileReference section */

/* Begin PBXFrameworksBuildPhase section */
		DA7DBBB61D8113A1005C595A /* Frameworks */ = {
			isa = PBXFrameworksBuildPhase;
			buildActionMask = 2147483647;
			files = (
			);
			runOnlyForDeploymentPostprocessing = 0;
		};
		DA7DBBCA1D8113A1005C595A /* Frameworks */ = {
			isa = PBXFrameworksBuildPhase;
			buildActionMask = 2147483647;
			files = (
			);
			runOnlyForDeploymentPostprocessing = 0;
		};
/* End PBXFrameworksBuildPhase section */

/* Begin PBXGroup section */
		DA7DBBB01D8113A1005C595A = {
			isa = PBXGroup;
			children = (
				DA7DBBBB1D8113A1005C595A /* JungleBeats */,
				DA7DBBD01D8113A1005C595A /* JungleBeatsTests */,
				DA7DBBBA1D8113A1005C595A /* Products */,
			);
			sourceTree = "<group>";
		};
		DA7DBBBA1D8113A1005C595A /* Products */ = {
			isa = PBXGroup;
			children = (
				DA7DBBB91D8113A1005C595A /* JungleBeats.app */,
				DA7DBBCD1D8113A1005C595A /* JungleBeatsTests.xctest */,
			);
			name = Products;
			sourceTree = "<group>";
		};
		DA7DBBBB1D8113A1005C595A /* JungleBeats */ = {
			isa = PBXGroup;
			children = (
				DA7DBBBC1D8113A1005C595A /* AppDelegate.swift */,
				DA7DBBBE1D8113A1005C595A /* ViewController.swift */,
				DA7DBBC01D8113A1005C595A /* Main.storyboard */,
				DA7DBBC31D8113A1005C595A /* Assets.xcassets */,
				DA7DBBC51D8113A1005C595A /* LaunchScreen.storyboard */,
				DA7DBBC81D8113A1005C595A /* Info.plist */,
				DA7DBBDC1D8117AC005C595A /* node.swift */,
				DA668A251E5A9C45007DCB0F /* linked_list.swift */,
			);
			path = JungleBeats;
			sourceTree = "<group>";
		};
		DA7DBBD01D8113A1005C595A /* JungleBeatsTests */ = {
			isa = PBXGroup;
			children = (
				DA7DBBD11D8113A1005C595A /* node_test.swift */,
				DA7DBBD31D8113A1005C595A /* Info.plist */,
				DA668A271E5A9CED007DCB0F /* linked_list_test.swift */,
			);
			path = JungleBeatsTests;
			sourceTree = "<group>";
		};
/* End PBXGroup section */

/* Begin PBXNativeTarget section */
		DA7DBBB81D8113A1005C595A /* JungleBeats */ = {
			isa = PBXNativeTarget;
			buildConfigurationList = DA7DBBD61D8113A1005C595A /* Build configuration list for PBXNativeTarget "JungleBeats" */;
			buildPhases = (
				DA7DBBB51D8113A1005C595A /* Sources */,
				DA7DBBB61D8113A1005C595A /* Frameworks */,
				DA7DBBB71D8113A1005C595A /* Resources */,
			);
			buildRules = (
			);
			dependencies = (
			);
			name = JungleBeats;
			productName = JungleBeats;
			productReference = DA7DBBB91D8113A1005C595A /* JungleBeats.app */;
			productType = "com.apple.product-type.application";
		};
		DA7DBBCC1D8113A1005C595A /* JungleBeatsTests */ = {
			isa = PBXNativeTarget;
			buildConfigurationList = DA7DBBD91D8113A1005C595A /* Build configuration list for PBXNativeTarget "JungleBeatsTests" */;
			buildPhases = (
				DA7DBBC91D8113A1005C595A /* Sources */,
				DA7DBBCA1D8113A1005C595A /* Frameworks */,
				DA7DBBCB1D8113A1005C595A /* Resources */,
			);
			buildRules = (
			);
			dependencies = (
				DA7DBBCF1D8113A1005C595A /* PBXTargetDependency */,
			);
			name = JungleBeatsTests;
			productName = JungleBeatsTests;
			productReference = DA7DBBCD1D8113A1005C595A /* JungleBeatsTests.xctest */;
			productType = "com.apple.product-type.bundle.unit-test";
		};
/* End PBXNativeTarget section */

/* Begin PBXProject section */
		DA7DBBB11D8113A1005C595A /* Project object */ = {
			isa = PBXProject;
			attributes = {
				LastSwiftUpdateCheck = 0730;
				LastUpgradeCheck = 0730;
				ORGANIZATIONNAME = "Mark Miranda";
				TargetAttributes = {
					DA7DBBB81D8113A1005C595A = {
						CreatedOnToolsVersion = 7.3.1;
						DevelopmentTeam = 4XQSAD3UT9;
						LastSwiftMigration = 0820;
					};
					DA7DBBCC1D8113A1005C595A = {
						CreatedOnToolsVersion = 7.3.1;
						LastSwiftMigration = 0820;
						TestTargetID = DA7DBBB81D8113A1005C595A;
					};
				};
			};
			buildConfigurationList = DA7DBBB41D8113A1005C595A /* Build configuration list for PBXProject "JungleBeats" */;
			compatibilityVersion = "Xcode 3.2";
			developmentRegion = English;
			hasScannedForEncodings = 0;
			knownRegions = (
				en,
				Base,
			);
			mainGroup = DA7DBBB01D8113A1005C595A;
			productRefGroup = DA7DBBBA1D8113A1005C595A /* Products */;
			projectDirPath = "";
			projectRoot = "";
			targets = (
				DA7DBBB81D8113A1005C595A /* JungleBeats */,
				DA7DBBCC1D8113A1005C595A /* JungleBeatsTests */,
			);
		};
/* End PBXProject section */

/* Begin PBXResourcesBuildPhase section */
		DA7DBBB71D8113A1005C595A /* Resources */ = {
			isa = PBXResourcesBuildPhase;
			buildActionMask = 2147483647;
			files = (
				DA7DBBC71D8113A1005C595A /* LaunchScreen.storyboard in Resources */,
				DA7DBBC41D8113A1005C595A /* Assets.xcassets in Resources */,
				DA7DBBC21D8113A1005C595A /* Main.storyboard in Resources */,
			);
			runOnlyForDeploymentPostprocessing = 0;
		};
		DA7DBBCB1D8113A1005C595A /* Resources */ = {
			isa = PBXResourcesBuildPhase;
			buildActionMask = 2147483647;
			files = (
			);
			runOnlyForDeploymentPostprocessing = 0;
		};
/* End PBXResourcesBuildPhase section */

/* Begin PBXSourcesBuildPhase section */
		DA7DBBB51D8113A1005C595A /* Sources */ = {
			isa = PBXSourcesBuildPhase;
			buildActionMask = 2147483647;
			files = (
				DA7DBBBF1D8113A1005C595A /* ViewController.swift in Sources */,
				DA7DBBBD1D8113A1005C595A /* AppDelegate.swift in Sources */,
				DA668A261E5A9C45007DCB0F /* linked_list.swift in Sources */,
				DA7DBBDD1D8117AC005C595A /* node.swift in Sources */,
			);
			runOnlyForDeploymentPostprocessing = 0;
		};
		DA7DBBC91D8113A1005C595A /* Sources */ = {
			isa = PBXSourcesBuildPhase;
			buildActionMask = 2147483647;
			files = (
				DA668A281E5A9CED007DCB0F /* linked_list_test.swift in Sources */,
				DA7DBBD21D8113A1005C595A /* node_test.swift in Sources */,
			);
			runOnlyForDeploymentPostprocessing = 0;
		};
/* End PBXSourcesBuildPhase section */

/* Begin PBXTargetDependency section */
		DA7DBBCF1D8113A1005C595A /* PBXTargetDependency */ = {
			isa = PBXTargetDependency;
			target = DA7DBBB81D8113A1005C595A /* JungleBeats */;
			targetProxy = DA7DBBCE1D8113A1005C595A /* PBXContainerItemProxy */;
		};
/* End PBXTargetDependency section */

/* Begin PBXVariantGroup section */
		DA7DBBC01D8113A1005C595A /* Main.storyboard */ = {
			isa = PBXVariantGroup;
			children = (
				DA7DBBC11D8113A1005C595A /* Base */,
			);
			name = Main.storyboard;
			sourceTree = "<group>";
		};
		DA7DBBC51D8113A1005C595A /* LaunchScreen.storyboard */ = {
			isa = PBXVariantGroup;
			children = (
				DA7DBBC61D8113A1005C595A /* Base */,
			);
			name = LaunchScreen.storyboard;
			sourceTree = "<group>";
		};
/* End PBXVariantGroup section */

/* Begin XCBuildConfiguration section */
		DA7DBBD41D8113A1005C595A /* Debug */ = {
			isa = XCBuildConfiguration;
			buildSettings = {
				ALWAYS_SEARCH_USER_PATHS = NO;
				CLANG_ANALYZER_NONNULL = YES;
				CLANG_CXX_LANGUAGE_STANDARD = "gnu++0x";
				CLANG_CXX_LIBRARY = "libc++";
				CLANG_ENABLE_MODULES = YES;
				CLANG_ENABLE_OBJC_ARC = YES;
				CLANG_WARN_BOOL_CONVERSION = YES;
				CLANG_WARN_CONSTANT_CONVERSION = YES;
				CLANG_WARN_DIRECT_OBJC_ISA_USAGE = YES_ERROR;
				CLANG_WARN_EMPTY_BODY = YES;
				CLANG_WARN_ENUM_CONVERSION = YES;
				CLANG_WARN_INT_CONVERSION = YES;
				CLANG_WARN_OBJC_ROOT_CLASS = YES_ERROR;
				CLANG_WARN_UNREACHABLE_CODE = YES;
				CLANG_WARN__DUPLICATE_METHOD_MATCH = YES;
				"CODE_SIGN_IDENTITY[sdk=iphoneos*]" = "iPhone Developer";
				COPY_PHASE_STRIP = NO;
				DEBUG_INFORMATION_FORMAT = dwarf;
				ENABLE_STRICT_OBJC_MSGSEND = YES;
				ENABLE_TESTABILITY = YES;
				GCC_C_LANGUAGE_STANDARD = gnu99;
				GCC_DYNAMIC_NO_PIC = NO;
				GCC_NO_COMMON_BLOCKS = YES;
				GCC_OPTIMIZATION_LEVEL = 0;
				GCC_PREPROCESSOR_DEFINITIONS = (
					"DEBUG=1",
					"$(inherited)",
				);
				GCC_WARN_64_TO_32_BIT_CONVERSION = YES;
				GCC_WARN_ABOUT_RETURN_TYPE = YES_ERROR;
				GCC_WARN_UNDECLARED_SELECTOR = YES;
				GCC_WARN_UNINITIALIZED_AUTOS = YES_AGGRESSIVE;
				GCC_WARN_UNUSED_FUNCTION = YES;
				GCC_WARN_UNUSED_VARIABLE = YES;
				IPHONEOS_DEPLOYMENT_TARGET = 9.3;
				MTL_ENABLE_DEBUG_INFO = YES;
				ONLY_ACTIVE_ARCH = YES;
				SDKROOT = iphoneos;
				SWIFT_OPTIMIZATION_LEVEL = "-Onone";
				TARGETED_DEVICE_FAMILY = "1,2";
			};
			name = Debug;
		};
		DA7DBBD51D8113A1005C595A /* Release */ = {
			isa = XCBuildConfiguration;
			buildSettings = {
				ALWAYS_SEARCH_USER_PATHS = NO;
				CLANG_ANALYZER_NONNULL = YES;
				CLANG_CXX_LANGUAGE_STANDARD = "gnu++0x";
				CLANG_CXX_LIBRARY = "libc++";
				CLANG_ENABLE_MODULES = YES;
				CLANG_ENABLE_OBJC_ARC = YES;
				CLANG_WARN_BOOL_CONVERSION = YES;
				CLANG_WARN_CONSTANT_CONVERSION = YES;
				CLANG_WARN_DIRECT_OBJC_ISA_USAGE = YES_ERROR;
				CLANG_WARN_EMPTY_BODY = YES;
				CLANG_WARN_ENUM_CONVERSION = YES;
				CLANG_WARN_INT_CONVERSION = YES;
				CLANG_WARN_OBJC_ROOT_CLASS = YES_ERROR;
				CLANG_WARN_UNREACHABLE_CODE = YES;
				CLANG_WARN__DUPLICATE_METHOD_MATCH = YES;
				"CODE_SIGN_IDENTITY[sdk=iphoneos*]" = "iPhone Developer";
				COPY_PHASE_STRIP = NO;
				DEBUG_INFORMATION_FORMAT = "dwarf-with-dsym";
				ENABLE_NS_ASSERTIONS = NO;
				ENABLE_STRICT_OBJC_MSGSEND = YES;
				GCC_C_LANGUAGE_STANDARD = gnu99;
				GCC_NO_COMMON_BLOCKS = YES;
				GCC_WARN_64_TO_32_BIT_CONVERSION = YES;
				GCC_WARN_ABOUT_RETURN_TYPE = YES_ERROR;
				GCC_WARN_UNDECLARED_SELECTOR = YES;
				GCC_WARN_UNINITIALIZED_AUTOS = YES_AGGRESSIVE;
				GCC_WARN_UNUSED_FUNCTION = YES;
				GCC_WARN_UNUSED_VARIABLE = YES;
				IPHONEOS_DEPLOYMENT_TARGET = 9.3;
				MTL_ENABLE_DEBUG_INFO = NO;
				SDKROOT = iphoneos;
				TARGETED_DEVICE_FAMILY = "1,2";
				VALIDATE_PRODUCT = YES;
			};
			name = Release;
		};
		DA7DBBD71D8113A1005C595A /* Debug */ = {
			isa = XCBuildConfiguration;
			buildSettings = {
				ASSETCATALOG_COMPILER_APPICON_NAME = AppIcon;
				CODE_SIGN_IDENTITY = "iPhone Developer";
				"CODE_SIGN_IDENTITY[sdk=iphoneos*]" = "iPhone Developer";
				INFOPLIST_FILE = JungleBeats/Info.plist;
				LD_RUNPATH_SEARCH_PATHS = "$(inherited) @executable_path/Frameworks";
				PRODUCT_BUNDLE_IDENTIFIER = ninja.markmiranda.JungleBeats;
				PRODUCT_NAME = "$(TARGET_NAME)";
				PROVISIONING_PROFILE = "";
				SWIFT_VERSION = 3.0;
			};
			name = Debug;
		};
		DA7DBBD81D8113A1005C595A /* Release */ = {
			isa = XCBuildConfiguration;
			buildSettings = {
				ASSETCATALOG_COMPILER_APPICON_NAME = AppIcon;
				CODE_SIGN_IDENTITY = "iPhone Developer";
				"CODE_SIGN_IDENTITY[sdk=iphoneos*]" = "iPhone Developer";
				INFOPLIST_FILE = JungleBeats/Info.plist;
				LD_RUNPATH_SEARCH_PATHS = "$(inherited) @executable_path/Frameworks";
				PRODUCT_BUNDLE_IDENTIFIER = ninja.markmiranda.JungleBeats;
				PRODUCT_NAME = "$(TARGET_NAME)";
				PROVISIONING_PROFILE = "";
				SWIFT_VERSION = 3.0;
			};
			name = Release;
		};
		DA7DBBDA1D8113A1005C595A /* Debug */ = {
			isa = XCBuildConfiguration;
			buildSettings = {
				BUNDLE_LOADER = "$(TEST_HOST)";
				INFOPLIST_FILE = JungleBeatsTests/Info.plist;
				LD_RUNPATH_SEARCH_PATHS = "$(inherited) @executable_path/Frameworks @loader_path/Frameworks";
				PRODUCT_BUNDLE_IDENTIFIER = ninja.markmiranda.JungleBeatsTests;
				PRODUCT_NAME = "$(TARGET_NAME)";
				SWIFT_VERSION = 3.0;
				TEST_HOST = "$(BUILT_PRODUCTS_DIR)/JungleBeats.app/JungleBeats";
			};
			name = Debug;
		};
		DA7DBBDB1D8113A1005C595A /* Release */ = {
			isa = XCBuildConfiguration;
			buildSettings = {
				BUNDLE_LOADER = "$(TEST_HOST)";
				INFOPLIST_FILE = JungleBeatsTests/Info.plist;
				LD_RUNPATH_SEARCH_PATHS = "$(inherited) @executable_path/Frameworks @loader_path/Frameworks";
				PRODUCT_BUNDLE_IDENTIFIER = ninja.markmiranda.JungleBeatsTests;
				PRODUCT_NAME = "$(TARGET_NAME)";
				SWIFT_VERSION = 3.0;
				TEST_HOST = "$(BUILT_PRODUCTS_DIR)/JungleBeats.app/JungleBeats";
			};
			name = Release;
		};
/* End XCBuildConfiguration section */

/* Begin XCConfigurationList section */
		DA7DBBB41D8113A1005C595A /* Build configuration list for PBXProject "JungleBeats" */ = {
			isa = XCConfigurationList;
			buildConfigurations = (
				DA7DBBD41D8113A1005C595A /* Debug */,
				DA7DBBD51D8113A1005C595A /* Release */,
			);
			defaultConfigurationIsVisible = 0;
			defaultConfigurationName = Release;
		};
		DA7DBBD61D8113A1005C595A /* Build configuration list for PBXNativeTarget "JungleBeats" */ = {
			isa = XCConfigurationList;
			buildConfigurations = (
				DA7DBBD71D8113A1005C595A /* Debug */,
				DA7DBBD81D8113A1005C595A /* Release */,
			);
			defaultConfigurationIsVisible = 0;
			defaultConfigurationName = Release;
		};
		DA7DBBD91D8113A1005C595A /* Build configuration list for PBXNativeTarget "JungleBeatsTests" */ = {
			isa = XCConfigurationList;
			buildConfigurations = (
				DA7DBBDA1D8113A1005C595A /* Debug */,
				DA7DBBDB1D8113A1005C595A /* Release */,
			);
			defaultConfigurationIsVisible = 0;
			defaultConfigurationName = Release;
		};
/* End XCConfigurationList section */
	};
	rootObject = DA7DBBB11D8113A1005C595A /* Project object */;
}
